
Microsoft Visual Studio Solution File, Format Version 12.00
# Visual Studio Version 16
VisualStudioVersion = 16.0.30309.148
MinimumVisualStudioVersion = 10.0.40219.1
Project("{9A19103F-16F7-4668-BE54-9A1E7A4F7556}") = "DateTimeUtils", "src\DateTimeUtils\DateTimeUtils.csproj", "{CE338916-72A4-41FB-81B5-A8F2F54DC5D8}"
EndProject
Project("{9A19103F-16F7-4668-BE54-9A1E7A4F7556}") = "DateTimeUtils.UnitTest", "test\DateTimeUtils.UnitTest\DateTimeUtils.UnitTest.csproj", "{FC395871-D3F0-4487-A1CC-724FAF338992}"
EndProject
Global
	GlobalSection(SolutionConfigurationPlatforms) = preSolution
		Debug|Any CPU = Debug|Any CPU
		Release|Any CPU = Release|Any CPU
	EndGlobalSection
	GlobalSection(ProjectConfigurationPlatforms) = postSolution
		{CE338916-72A4-41FB-81B5-A8F2F54DC5D8}.Debug|Any CPU.ActiveCfg = Debug|Any CPU
		{CE338916-72A4-41FB-81B5-A8F2F54DC5D8}.Debug|Any CPU.Build.0 = Debug|Any CPU
		{CE338916-72A4-41FB-81B5-A8F2F54DC5D8}.Release|Any CPU.ActiveCfg = Release|Any CPU
		{CE338916-72A4-41FB-81B5-A8F2F54DC5D8}.Release|Any CPU.Build.0 = Release|Any CPU
		{FC395871-D3F0-4487-A1CC-724FAF338992}.Debug|Any CPU.ActiveCfg = Debug|Any CPU
		{FC395871-D3F0-4487-A1CC-724FAF338992}.Debug|Any CPU.Build.0 = Debug|Any CPU
		{FC395871-D3F0-4487-A1CC-724FAF338992}.Release|Any CPU.ActiveCfg = Release|Any CPU
		{FC395871-D3F0-4487-A1CC-724FAF338992}.Release|Any CPU.Build.0 = Release|Any CPU
	EndGlobalSection
	GlobalSection(SolutionProperties) = preSolution
		HideSolutionNode = FALSE
	EndGlobalSection
	GlobalSection(ExtensibilityGlobals) = postSolution
		SolutionGuid = {D0144F4B-FFEF-43C4-9C06-4AB1B8AFED11}
	EndGlobalSection
EndGlobal
